// !$*UTF8*$!
{
	archiveVersion = 1;
	classes = {
	};
	objectVersion = 46;
	objects = {

/* Begin PBXBuildFile section */
		03A78A5C14CB502700736F81 /* UIKit.framework in Frameworks */ = {isa = PBXBuildFile; fileRef = 03A78A5B14CB502700736F81 /* UIKit.framework */; };
		03A78A5E14CB502700736F81 /* Foundation.framework in Frameworks */ = {isa = PBXBuildFile; fileRef = 03A78A5D14CB502700736F81 /* Foundation.framework */; };
		03A78A6014CB502700736F81 /* CoreGraphics.framework in Frameworks */ = {isa = PBXBuildFile; fileRef = 03A78A5F14CB502700736F81 /* CoreGraphics.framework */; };
		03A78A6614CB502700736F81 /* InfoPlist.strings in Resources */ = {isa = PBXBuildFile; fileRef = 03A78A6414CB502700736F81 /* InfoPlist.strings */; };
		03A78A6814CB502700736F81 /* main.m in Sources */ = {isa = PBXBuildFile; fileRef = 03A78A6714CB502700736F81 /* main.m */; };
		03A78A6C14CB502700736F81 /* FPAppDelegate.m in Sources */ = {isa = PBXBuildFile; fileRef = 03A78A6B14CB502700736F81 /* FPAppDelegate.m */; };
		03A78A6F14CB502700736F81 /* MainStoryboard.storyboard in Resources */ = {isa = PBXBuildFile; fileRef = 03A78A6D14CB502700736F81 /* MainStoryboard.storyboard */; };
		03A78A7214CB502700736F81 /* FPViewController.m in Sources */ = {isa = PBXBuildFile; fileRef = 03A78A7114CB502700736F81 /* FPViewController.m */; };
		03A78A7A14CB502700736F81 /* SenTestingKit.framework in Frameworks */ = {isa = PBXBuildFile; fileRef = 03A78A7914CB502700736F81 /* SenTestingKit.framework */; };
		03A78A7B14CB502700736F81 /* UIKit.framework in Frameworks */ = {isa = PBXBuildFile; fileRef = 03A78A5B14CB502700736F81 /* UIKit.framework */; };
		03A78A7C14CB502700736F81 /* Foundation.framework in Frameworks */ = {isa = PBXBuildFile; fileRef = 03A78A5D14CB502700736F81 /* Foundation.framework */; };
		03A78A8414CB502700736F81 /* InfoPlist.strings in Resources */ = {isa = PBXBuildFile; fileRef = 03A78A8214CB502700736F81 /* InfoPlist.strings */; };
		03A78A8714CB502700736F81 /* PressDragTests.m in Sources */ = {isa = PBXBuildFile; fileRef = 03A78A8614CB502700736F81 /* PressDragTests.m */; };
/* End PBXBuildFile section */

/* Begin PBXContainerItemProxy section */
		03A78A7D14CB502700736F81 /* PBXContainerItemProxy */ = {
			isa = PBXContainerItemProxy;
			containerPortal = 03A78A4E14CB502600736F81 /* Project object */;
			proxyType = 1;
			remoteGlobalIDString = 03A78A5614CB502600736F81;
			remoteInfo = PressDrag;
		};
/* End PBXContainerItemProxy section */

/* Begin PBXFileReference section */
		03A78A5714CB502600736F81 /* PressDrag.app */ = {isa = PBXFileReference; explicitFileType = wrapper.application; includeInIndex = 0; path = PressDrag.app; sourceTree = BUILT_PRODUCTS_DIR; };
		03A78A5B14CB502700736F81 /* UIKit.framework */ = {isa = PBXFileReference; lastKnownFileType = wrapper.framework; name = UIKit.framework; path = System/Library/Frameworks/UIKit.framework; sourceTree = SDKROOT; };
		03A78A5D14CB502700736F81 /* Foundation.framework */ = {isa = PBXFileReference; lastKnownFileType = wrapper.framework; name = Foundation.framework; path = System/Library/Frameworks/Foundation.framework; sourceTree = SDKROOT; };
		03A78A5F14CB502700736F81 /* CoreGraphics.framework */ = {isa = PBXFileReference; lastKnownFileType = wrapper.framework; name = CoreGraphics.framework; path = System/Library/Frameworks/CoreGraphics.framework; sourceTree = SDKROOT; };
		03A78A6314CB502700736F81 /* PressDrag-Info.plist */ = {isa = PBXFileReference; path = "PressDrag-Info.plist"; sourceTree = "<group>"; };
		03A78A6514CB502700736F81 /* en */ = {isa = PBXFileReference; lastKnownFileType = text.plist.strings; name = en; path = en.lproj/InfoPlist.strings; sourceTree = "<group>"; };
		03A78A6714CB502700736F81 /* main.m */ = {isa = PBXFileReference; lastKnownFileType = sourcecode.c.objc; path = main.m; sourceTree = "<group>"; };
		03A78A6914CB502700736F81 /* PressDrag-Prefix.pch */ = {isa = PBXFileReference; path = "PressDrag-Prefix.pch"; sourceTree = "<group>"; };
		03A78A6A14CB502700736F81 /* FPAppDelegate.h */ = {isa = PBXFileReference; path = FPAppDelegate.h; sourceTree = "<group>"; };
		03A78A6B14CB502700736F81 /* FPAppDelegate.m */ = {isa = PBXFileReference; lastKnownFileType = sourcecode.c.objc; path = FPAppDelegate.m; sourceTree = "<group>"; };
		03A78A6E14CB502700736F81 /* en */ = {isa = PBXFileReference; lastKnownFileType = file.storyboard; name = en; path = en.lproj/MainStoryboard.storyboard; sourceTree = "<group>"; };
		03A78A7014CB502700736F81 /* FPViewController.h */ = {isa = PBXFileReference; path = FPViewController.h; sourceTree = "<group>"; };
		03A78A7114CB502700736F81 /* FPViewController.m */ = {isa = PBXFileReference; lastKnownFileType = sourcecode.c.objc; path = FPViewController.m; sourceTree = "<group>"; };
		03A78A7814CB502700736F81 /* PressDragTests.octest */ = {isa = PBXFileReference; explicitFileType = wrapper.cfbundle; includeInIndex = 0; path = PressDragTests.octest; sourceTree = BUILT_PRODUCTS_DIR; };
		03A78A7914CB502700736F81 /* SenTestingKit.framework */ = {isa = PBXFileReference; lastKnownFileType = wrapper.framework; name = SenTestingKit.framework; path = Library/Frameworks/SenTestingKit.framework; sourceTree = DEVELOPER_DIR; };
		03A78A8114CB502700736F81 /* PressDragTests-Info.plist */ = {isa = PBXFileReference; path = "PressDragTests-Info.plist"; sourceTree = "<group>"; };
		03A78A8314CB502700736F81 /* en */ = {isa = PBXFileReference; lastKnownFileType = text.plist.strings; name = en; path = en.lproj/InfoPlist.strings; sourceTree = "<group>"; };
		03A78A8514CB502700736F81 /* PressDragTests.h */ = {isa = PBXFileReference; path = PressDragTests.h; sourceTree = "<group>"; };
		03A78A8614CB502700736F81 /* PressDragTests.m */ = {isa = PBXFileReference; lastKnownFileType = sourcecode.c.objc; path = PressDragTests.m; sourceTree = "<group>"; };
/* End PBXFileReference section */

/* Begin PBXFrameworksBuildPhase section */
		03A78A5414CB502600736F81 /* Frameworks */ = {
			isa = PBXFrameworksBuildPhase;
			buildActionMask = 2147483647;
			files = (
				03A78A5C14CB502700736F81 /* UIKit.framework in Frameworks */,
				03A78A5E14CB502700736F81 /* Foundation.framework in Frameworks */,
				03A78A6014CB502700736F81 /* CoreGraphics.framework in Frameworks */,
			);
			runOnlyForDeploymentPostprocessing = 0;
		};
		03A78A7414CB502700736F81 /* Frameworks */ = {
			isa = PBXFrameworksBuildPhase;
			buildActionMask = 2147483647;
			files = (
				03A78A7A14CB502700736F81 /* SenTestingKit.framework in Frameworks */,
				03A78A7B14CB502700736F81 /* UIKit.framework in Frameworks */,
				03A78A7C14CB502700736F81 /* Foundation.framework in Frameworks */,
			);
			runOnlyForDeploymentPostprocessing = 0;
		};
/* End PBXFrameworksBuildPhase section */

/* Begin PBXGroup section */
		03A78A4C14CB502600736F81 = {
			isa = PBXGroup;
			children = (
				03A78A6114CB502700736F81 /* PressDrag */,
				03A78A7F14CB502700736F81 /* PressDragTests */,
				03A78A5A14CB502600736F81 /* Frameworks */,
				03A78A5814CB502600736F81 /* Products */,
			);
			sourceTree = "<group>";
		};
		03A78A5814CB502600736F81 /* Products */ = {
			isa = PBXGroup;
			children = (
				03A78A5714CB502600736F81 /* PressDrag.app */,
				03A78A7814CB502700736F81 /* PressDragTests.octest */,
			);
			name = Products;
			sourceTree = "<group>";
		};
		03A78A5A14CB502600736F81 /* Frameworks */ = {
			isa = PBXGroup;
			children = (
				03A78A5B14CB502700736F81 /* UIKit.framework */,
				03A78A5D14CB502700736F81 /* Foundation.framework */,
				03A78A5F14CB502700736F81 /* CoreGraphics.framework */,
				03A78A7914CB502700736F81 /* SenTestingKit.framework */,
			);
			name = Frameworks;
			sourceTree = "<group>";
		};
		03A78A6114CB502700736F81 /* PressDrag */ = {
			isa = PBXGroup;
			children = (
				03A78A6A14CB502700736F81 /* FPAppDelegate.h */,
				03A78A6B14CB502700736F81 /* FPAppDelegate.m */,
				03A78A6D14CB502700736F81 /* MainStoryboard.storyboard */,
				03A78A7014CB502700736F81 /* FPViewController.h */,
				03A78A7114CB502700736F81 /* FPViewController.m */,
				03A78A6214CB502700736F81 /* Supporting Files */,
			);
			path = PressDrag;
			sourceTree = "<group>";
		};
		03A78A6214CB502700736F81 /* Supporting Files */ = {
			isa = PBXGroup;
			children = (
				03A78A6314CB502700736F81 /* PressDrag-Info.plist */,
				03A78A6414CB502700736F81 /* InfoPlist.strings */,
				03A78A6714CB502700736F81 /* main.m */,
				03A78A6914CB502700736F81 /* PressDrag-Prefix.pch */,
			);
			name = "Supporting Files";
			sourceTree = "<group>";
		};
		03A78A7F14CB502700736F81 /* PressDragTests */ = {
			isa = PBXGroup;
			children = (
				03A78A8514CB502700736F81 /* PressDragTests.h */,
				03A78A8614CB502700736F81 /* PressDragTests.m */,
				03A78A8014CB502700736F81 /* Supporting Files */,
			);
			path = PressDragTests;
			sourceTree = "<group>";
		};
		03A78A8014CB502700736F81 /* Supporting Files */ = {
			isa = PBXGroup;
			children = (
				03A78A8114CB502700736F81 /* PressDragTests-Info.plist */,
				03A78A8214CB502700736F81 /* InfoPlist.strings */,
			);
			name = "Supporting Files";
			sourceTree = "<group>";
		};
/* End PBXGroup section */

/* Begin PBXNativeTarget section */
		03A78A5614CB502600736F81 /* PressDrag */ = {
			isa = PBXNativeTarget;
			buildConfigurationList = 03A78A8A14CB502700736F81 /* Build configuration list for PBXNativeTarget "PressDrag" */;
			buildPhases = (
				03A78A5314CB502600736F81 /* Sources */,
				03A78A5414CB502600736F81 /* Frameworks */,
				03A78A5514CB502600736F81 /* Resources */,
			);
			buildRules = (
			);
			dependencies = (
			);
			name = PressDrag;
			productName = PressDrag;
			productReference = 03A78A5714CB502600736F81 /* PressDrag.app */;
			productType = "com.apple.product-type.application";
		};
		03A78A7714CB502700736F81 /* PressDragTests */ = {
			isa = PBXNativeTarget;
			buildConfigurationList = 03A78A8D14CB502700736F81 /* Build configuration list for PBXNativeTarget "PressDragTests" */;
			buildPhases = (
				03A78A7314CB502700736F81 /* Sources */,
				03A78A7414CB502700736F81 /* Frameworks */,
				03A78A7514CB502700736F81 /* Resources */,
				03A78A7614CB502700736F81 /* ShellScript */,
			);
			buildRules = (
			);
			dependencies = (
				03A78A7E14CB502700736F81 /* PBXTargetDependency */,
			);
			name = PressDragTests;
			productName = PressDragTests;
			productReference = 03A78A7814CB502700736F81 /* PressDragTests.octest */;
			productType = "com.apple.product-type.bundle";
		};
/* End PBXNativeTarget section */

/* Begin PBXProject section */
		03A78A4E14CB502600736F81 /* Project object */ = {
			isa = PBXProject;
			attributes = {
				LastUpgradeCheck = 0420;
			};
			buildConfigurationList = 03A78A5114CB502600736F81 /* Build configuration list for PBXProject "PressDrag" */;
			compatibilityVersion = "Xcode 3.2";
			developmentRegion = English;
			hasScannedForEncodings = 0;
			knownRegions = (
				en,
			);
			mainGroup = 03A78A4C14CB502600736F81;
			productRefGroup = 03A78A5814CB502600736F81 /* Products */;
			projectDirPath = "";
			projectRoot = "";
			targets = (
				03A78A5614CB502600736F81 /* PressDrag */,
				03A78A7714CB502700736F81 /* PressDragTests */,
			);
		};
/* End PBXProject section */

/* Begin PBXResourcesBuildPhase section */
		03A78A5514CB502600736F81 /* Resources */ = {
			isa = PBXResourcesBuildPhase;
			buildActionMask = 2147483647;
			files = (
				03A78A6614CB502700736F81 /* InfoPlist.strings in Resources */,
				03A78A6F14CB502700736F81 /* MainStoryboard.storyboard in Resources */,
			);
			runOnlyForDeploymentPostprocessing = 0;
		};
		03A78A7514CB502700736F81 /* Resources */ = {
			isa = PBXResourcesBuildPhase;
			buildActionMask = 2147483647;
			files = (
				03A78A8414CB502700736F81 /* InfoPlist.strings in Resources */,
			);
			runOnlyForDeploymentPostprocessing = 0;
		};
/* End PBXResourcesBuildPhase section */

/* Begin PBXShellScriptBuildPhase section */
		03A78A7614CB502700736F81 /* ShellScript */ = {
			isa = PBXShellScriptBuildPhase;
			buildActionMask = 2147483647;
			files = (
			);
			inputPaths = (
			);
			outputPaths = (
			);
			runOnlyForDeploymentPostprocessing = 0;
			shellPath = /bin/sh;
			shellScript = "# Run the unit tests in this test bundle.\n\"${SYSTEM_DEVELOPER_DIR}/Tools/RunUnitTests\"\n";
		};
/* End PBXShellScriptBuildPhase section */

/* Begin PBXSourcesBuildPhase section */
		03A78A5314CB502600736F81 /* Sources */ = {
			isa = PBXSourcesBuildPhase;
			buildActionMask = 2147483647;
			files = (
				03A78A6814CB502700736F81 /* main.m in Sources */,
				03A78A6C14CB502700736F81 /* FPAppDelegate.m in Sources */,
				03A78A7214CB502700736F81 /* FPViewController.m in Sources */,
			);
			runOnlyForDeploymentPostprocessing = 0;
		};
		03A78A7314CB502700736F81 /* Sources */ = {
			isa = PBXSourcesBuildPhase;
			buildActionMask = 2147483647;
			files = (
				03A78A8714CB502700736F81 /* PressDragTests.m in Sources */,
			);
			runOnlyForDeploymentPostprocessing = 0;
		};
/* End PBXSourcesBuildPhase section */

/* Begin PBXTargetDependency section */
		03A78A7E14CB502700736F81 /* PBXTargetDependency */ = {
			isa = PBXTargetDependency;
			target = 03A78A5614CB502600736F81 /* PressDrag */;
			targetProxy = 03A78A7D14CB502700736F81 /* PBXContainerItemProxy */;
		};
/* End PBXTargetDependency section */

/* Begin PBXVariantGroup section */
		03A78A6414CB502700736F81 /* InfoPlist.strings */ = {
			isa = PBXVariantGroup;
			children = (
				03A78A6514CB502700736F81 /* en */,
			);
			name = InfoPlist.strings;
			sourceTree = "<group>";
		};
		03A78A6D14CB502700736F81 /* MainStoryboard.storyboard */ = {
			isa = PBXVariantGroup;
			children = (
				03A78A6E14CB502700736F81 /* en */,
			);
			name = MainStoryboard.storyboard;
			sourceTree = "<group>";
		};
		03A78A8214CB502700736F81 /* InfoPlist.strings */ = {
			isa = PBXVariantGroup;
			children = (
				03A78A8314CB502700736F81 /* en */,
			);
			name = InfoPlist.strings;
			sourceTree = "<group>";
		};
/* End PBXVariantGroup section */

/* Begin XCBuildConfiguration section */
		03A78A8814CB502700736F81 /* Debug */ = {
			isa = XCBuildConfiguration;
			buildSettings = {
				ALWAYS_SEARCH_USER_PATHS = NO;
				ARCHS = "$(ARCHS_STANDARD_32_BIT)";
				CLANG_ENABLE_OBJC_ARC = YES;
				"CODE_SIGN_IDENTITY[sdk=iphoneos*]" = "iPhone Developer";
				COPY_PHASE_STRIP = NO;
				GCC_C_LANGUAGE_STANDARD = gnu99;
				GCC_DYNAMIC_NO_PIC = NO;
				GCC_OPTIMIZATION_LEVEL = 0;
				GCC_PREPROCESSOR_DEFINITIONS = (
					"DEBUG=1",
					"$(inherited)",
				);
				GCC_SYMBOLS_PRIVATE_EXTERN = NO;
				GCC_VERSION = com.apple.compilers.llvm.clang.1_0;
				GCC_WARN_ABOUT_MISSING_PROTOTYPES = YES;
				GCC_WARN_ABOUT_RETURN_TYPE = YES;
				GCC_WARN_UNUSED_VARIABLE = YES;
				IPHONEOS_DEPLOYMENT_TARGET = 5.0;
				SDKROOT = iphoneos;
				TARGETED_DEVICE_FAMILY = 2;
			};
			name = Debug;
		};
		03A78A8914CB502700736F81 /* Release */ = {
			isa = XCBuildConfiguration;
			buildSettings = {
				ALWAYS_SEARCH_USER_PATHS = NO;
				ARCHS = "$(ARCHS_STANDARD_32_BIT)";
				CLANG_ENABLE_OBJC_ARC = YES;
				"CODE_SIGN_IDENTITY[sdk=iphoneos*]" = "iPhone Developer";
				COPY_PHASE_STRIP = YES;
				GCC_C_LANGUAGE_STANDARD = gnu99;
				GCC_VERSION = com.apple.compilers.llvm.clang.1_0;
				GCC_WARN_ABOUT_MISSING_PROTOTYPES = YES;
				GCC_WARN_ABOUT_RETURN_TYPE = YES;
				GCC_WARN_UNUSED_VARIABLE = YES;
				IPHONEOS_DEPLOYMENT_TARGET = 5.0;
				OTHER_CFLAGS = "-DNS_BLOCK_ASSERTIONS=1";
				SDKROOT = iphoneos;
				TARGETED_DEVICE_FAMILY = 2;
				VALIDATE_PRODUCT = YES;
			};
			name = Release;
		};
		03A78A8B14CB502700736F81 /* Debug */ = {
			isa = XCBuildConfiguration;
			buildSettings = {
				GCC_PRECOMPILE_PREFIX_HEADER = YES;
				GCC_PREFIX_HEADER = "PressDrag/PressDrag-Prefix.pch";
				INFOPLIST_FILE = "PressDrag/PressDrag-Info.plist";
				PRODUCT_NAME = "$(TARGET_NAME)";
				WRAPPER_EXTENSION = app;
			};
			name = Debug;
		};
		03A78A8C14CB502700736F81 /* Release */ = {
			isa = XCBuildConfiguration;
			buildSettings = {
				GCC_PRECOMPILE_PREFIX_HEADER = YES;
				GCC_PREFIX_HEADER = "PressDrag/PressDrag-Prefix.pch";
				INFOPLIST_FILE = "PressDrag/PressDrag-Info.plist";
				PRODUCT_NAME = "$(TARGET_NAME)";
				WRAPPER_EXTENSION = app;
			};
			name = Release;
		};
		03A78A8E14CB502700736F81 /* Debug */ = {
			isa = XCBuildConfiguration;
			buildSettings = {
				BUNDLE_LOADER = "$(BUILT_PRODUCTS_DIR)/PressDrag.app/PressDrag";
				FRAMEWORK_SEARCH_PATHS = (
					"$(SDKROOT)/Developer/Library/Frameworks",
					"$(DEVELOPER_LIBRARY_DIR)/Frameworks",
				);
				GCC_PRECOMPILE_PREFIX_HEADER = YES;
				GCC_PREFIX_HEADER = "PressDrag/PressDrag-Prefix.pch";
				INFOPLIST_FILE = "PressDragTests/PressDragTests-Info.plist";
				PRODUCT_NAME = "$(TARGET_NAME)";
				TEST_HOST = "$(BUNDLE_LOADER)";
				WRAPPER_EXTENSION = octest;
			};
			name = Debug;
		};
		03A78A8F14CB502700736F81 /* Release */ = {
			isa = XCBuildConfiguration;
			buildSettings = {
				BUNDLE_LOADER = "$(BUILT_PRODUCTS_DIR)/PressDrag.app/PressDrag";
				FRAMEWORK_SEARCH_PATHS = (
					"$(SDKROOT)/Developer/Library/Frameworks",
					"$(DEVELOPER_LIBRARY_DIR)/Frameworks",
				);
				GCC_PRECOMPILE_PREFIX_HEADER = YES;
				GCC_PREFIX_HEADER = "PressDrag/PressDrag-Prefix.pch";
				INFOPLIST_FILE = "PressDragTests/PressDragTests-Info.plist";
				PRODUCT_NAME = "$(TARGET_NAME)";
				TEST_HOST = "$(BUNDLE_LOADER)";
				WRAPPER_EXTENSION = octest;
			};
			name = Release;
		};
/* End XCBuildConfiguration section */

/* Begin XCConfigurationList section */
		03A78A5114CB502600736F81 /* Build configuration list for PBXProject "PressDrag" */ = {
			isa = XCConfigurationList;
			buildConfigurations = (
				03A78A8814CB502700736F81 /* Debug */,
				03A78A8914CB502700736F81 /* Release */,
			);
			defaultConfigurationIsVisible = 0;
			defaultConfigurationName = Release;
		};
		03A78A8A14CB502700736F81 /* Build configuration list for PBXNativeTarget "PressDrag" */ = {
			isa = XCConfigurationList;
			buildConfigurations = (
				03A78A8B14CB502700736F81 /* Debug */,
				03A78A8C14CB502700736F81 /* Release */,
			);
			defaultConfigurationIsVisible = 0;
		};
		03A78A8D14CB502700736F81 /* Build configuration list for PBXNativeTarget "PressDragTests" */ = {
			isa = XCConfigurationList;
			buildConfigurations = (
				03A78A8E14CB502700736F81 /* Debug */,
				03A78A8F14CB502700736F81 /* Release */,
			);
			defaultConfigurationIsVisible = 0;
		};
/* End XCConfigurationList section */
	};
	rootObject = 03A78A4E14CB502600736F81 /* Project object */;
}
